{
    "_meta": {
        "hash": {
            "sha256": "d9b7ccad4d65a2c83d2c0dee2be31617202b573f20bec369d2ecaf140eeb655a"
        },
        "pipfile-spec": 6,
        "requires": {
            "python_version": "3.7"
        },
        "sources": [
            {
                "name": "pypi",
                "url": "https://pypi.org/simple",
                "verify_ssl": true
            }
        ]
    },
    "default": {
        "convertdate": {
            "hashes": [
                "sha256:770c6b2195544d3e451e230b3f1c9b121ed02680b877f896306a04cf6f26b48f",
                "sha256:fcffe3a67522172648cf03b0c3757cfd079726fe5ae04ce29989ad3958039e4e"
            ],
            "markers": "python_version >= '3.7' and python_version < '4'",
            "version": "==2.4.0"
        },
        "hijri-converter": {
            "hashes": [
                "sha256:50648d45a0b850c6d4a3aa7cf88ec4c03ee44740c339ee2bb021c7bb69791dcc",
                "sha256:e7149cececca647bf40689ec89bf593c7252b31d699ea587ad0bce91ba42d382"
            ],
            "markers": "python_version >= '3.6'",
            "version": "==2.2.3"
        },
        "holidays": {
            "hashes": [
                "sha256:c6f7c3ab8ada94806702da931d94d37cd61bcfa92cb4d39d351b6a9c5210675c",
                "sha256:ca944d20762f027770ceae2f21d037f959c9b206afe92db97161ce78538c275e"
            ],
            "index": "pypi",
            "version": "==0.13"
        },
        "korean-lunar-calendar": {
            "hashes": [
                "sha256:12ce54b1392ed45a82dc6cea85ee5f7e33630556e82488f57e37a22482c8275d",
                "sha256:a619ea88610129019267467b85cc9faf0fab6e1694b2e782d1aeb610cdd382d5"
            ],
            "version": "==0.2.1"
        },
        "pymeeus": {
            "hashes": [
                "sha256:bb9d670818d8b0594317b48a7dadea02a0594e5344263bf2054e1a011c8fed55"
            ],
            "version": "==0.5.11"
        },
        "python-dateutil": {
            "hashes": [
                "sha256:0123cacc1627ae19ddf3c27a5de5bd67ee4586fbdd6440d9748f8abb483d3e86",
                "sha256:961d03dc3453ebbc59dbdea9e4e11c5651520a876d0f4db161e8674aae935da9"
            ],
            "index": "pypi",
            "version": "==2.8.2"
        },
        "six": {
            "hashes": [
                "sha256:1e61c37477a1626458e36f7b1d82aa5c9b094fa4802892072e49de9c60c4c926",
                "sha256:8abb2f1d86890a2dfb989f9a77cfcfd3e47c2a354b01111771326f8aa26e0254"
            ],
            "markers": "python_version >= '2.7' and python_version not in '3.0, 3.1, 3.2, 3.3'",
            "version": "==1.16.0"
        }
    },
    "develop": {}
}
